
Microsoft Visual Studio Solution File, Format Version 12.00
# Visual Studio Version 17
VisualStudioVersion = 17.0.31903.59
MinimumVisualStudioVersion = 10.0.40219.1
Project("{9A19103F-16F7-4668-BE54-9A1E7A4F7556}") = "BattleShip.Api", "BattleShip.Api\BattleShip.Api.csproj", "{58F01C33-C2E0-42ED-B2FB-E0DC3CA05619}"
EndProject
Project("{9A19103F-16F7-4668-BE54-9A1E7A4F7556}") = "BattleShip.BussinessLayer", "BattleShip.BussinessLayer\BattleShip.BussinessLayer.csproj", "{431504B1-7729-4CA2-9952-79C7BF32F531}"
EndProject
Project("{9A19103F-16F7-4668-BE54-9A1E7A4F7556}") = "BattleShip.DataAccessLayer", "BattleShip.DataAccessLayer\BattleShip.DataAccessLayer.csproj", "{72912089-061A-452A-B763-9E959C38F62E}"
EndProject
Project("{FAE04EC0-301F-11D3-BF4B-00C04F79EFBC}") = "BattleShip.Core", "BattleShip.Core\BattleShip.Core.csproj", "{DD9440A6-7AEC-4A2C-810C-AF3060FE21DA}"
EndProject
Global
	GlobalSection(SolutionConfigurationPlatforms) = preSolution
		Debug|Any CPU = Debug|Any CPU
		Release|Any CPU = Release|Any CPU
	EndGlobalSection
	GlobalSection(ProjectConfigurationPlatforms) = postSolution
		{58F01C33-C2E0-42ED-B2FB-E0DC3CA05619}.Debug|Any CPU.ActiveCfg = Debug|Any CPU
		{58F01C33-C2E0-42ED-B2FB-E0DC3CA05619}.Debug|Any CPU.Build.0 = Debug|Any CPU
		{58F01C33-C2E0-42ED-B2FB-E0DC3CA05619}.Release|Any CPU.ActiveCfg = Release|Any CPU
		{58F01C33-C2E0-42ED-B2FB-E0DC3CA05619}.Release|Any CPU.Build.0 = Release|Any CPU
		{431504B1-7729-4CA2-9952-79C7BF32F531}.Debug|Any CPU.ActiveCfg = Debug|Any CPU
		{431504B1-7729-4CA2-9952-79C7BF32F531}.Debug|Any CPU.Build.0 = Debug|Any CPU
		{431504B1-7729-4CA2-9952-79C7BF32F531}.Release|Any CPU.ActiveCfg = Release|Any CPU
		{431504B1-7729-4CA2-9952-79C7BF32F531}.Release|Any CPU.Build.0 = Release|Any CPU
		{72912089-061A-452A-B763-9E959C38F62E}.Debug|Any CPU.ActiveCfg = Debug|Any CPU
		{72912089-061A-452A-B763-9E959C38F62E}.Debug|Any CPU.Build.0 = Debug|Any CPU
		{72912089-061A-452A-B763-9E959C38F62E}.Release|Any CPU.ActiveCfg = Release|Any CPU
		{72912089-061A-452A-B763-9E959C38F62E}.Release|Any CPU.Build.0 = Release|Any CPU
		{DD9440A6-7AEC-4A2C-810C-AF3060FE21DA}.Debug|Any CPU.ActiveCfg = Debug|Any CPU
		{DD9440A6-7AEC-4A2C-810C-AF3060FE21DA}.Debug|Any CPU.Build.0 = Debug|Any CPU
		{DD9440A6-7AEC-4A2C-810C-AF3060FE21DA}.Release|Any CPU.ActiveCfg = Release|Any CPU
		{DD9440A6-7AEC-4A2C-810C-AF3060FE21DA}.Release|Any CPU.Build.0 = Release|Any CPU
	EndGlobalSection
	GlobalSection(SolutionProperties) = preSolution
		HideSolutionNode = FALSE
	EndGlobalSection
	GlobalSection(ExtensibilityGlobals) = postSolution
		SolutionGuid = {5D21CB37-B824-4BC2-9F14-AF7B70964761}
	EndGlobalSection
EndGlobal
