
Microsoft Visual Studio Solution File, Format Version 12.00
# Visual Studio Version 17
VisualStudioVersion = 17.0.31903.59
MinimumVisualStudioVersion = 10.0.40219.1
Project("{FAE04EC0-301F-11D3-BF4B-00C04F79EFBC}") = "BattleShip.Api", "BattleShip.Api\BattleShip.Api.csproj", "{58F01C33-C2E0-42ED-B2FB-E0DC3CA05619}"
EndProject
Global
	GlobalSection(SolutionConfigurationPlatforms) = preSolution
		Debug|Any CPU = Debug|Any CPU
		Release|Any CPU = Release|Any CPU
	EndGlobalSection
	GlobalSection(ProjectConfigurationPlatforms) = postSolution
		{58F01C33-C2E0-42ED-B2FB-E0DC3CA05619}.Debug|Any CPU.ActiveCfg = Debug|Any CPU
		{58F01C33-C2E0-42ED-B2FB-E0DC3CA05619}.Debug|Any CPU.Build.0 = Debug|Any CPU
		{58F01C33-C2E0-42ED-B2FB-E0DC3CA05619}.Release|Any CPU.ActiveCfg = Release|Any CPU
		{58F01C33-C2E0-42ED-B2FB-E0DC3CA05619}.Release|Any CPU.Build.0 = Release|Any CPU
	EndGlobalSection
	GlobalSection(SolutionProperties) = preSolution
		HideSolutionNode = FALSE
	EndGlobalSection
	GlobalSection(ExtensibilityGlobals) = postSolution
		SolutionGuid = {5D21CB37-B824-4BC2-9F14-AF7B70964761}
	EndGlobalSection
EndGlobal
